// !$*UTF8*$!
{
	archiveVersion = 1;
	classes = {
	};
	objectVersion = 46;
	objects = {

/* Begin PBXBuildFile section */
		CEF8B92A1D5CAAB100D1FA66 /* AppDelegate.swift in Sources */ = {isa = PBXBuildFile; fileRef = CEF8B9291D5CAAB100D1FA66 /* AppDelegate.swift */; };
		CEF8B92C1D5CAAB100D1FA66 /* ViewController.swift in Sources */ = {isa = PBXBuildFile; fileRef = CEF8B92B1D5CAAB100D1FA66 /* ViewController.swift */; };
		CEF8B92F1D5CAAB100D1FA66 /* Main.storyboard in Resources */ = {isa = PBXBuildFile; fileRef = CEF8B92D1D5CAAB100D1FA66 /* Main.storyboard */; };
		CEF8B9311D5CAAB100D1FA66 /* Assets.xcassets in Resources */ = {isa = PBXBuildFile; fileRef = CEF8B9301D5CAAB100D1FA66 /* Assets.xcassets */; };
		CEF8B9341D5CAAB100D1FA66 /* LaunchScreen.storyboard in Resources */ = {isa = PBXBuildFile; fileRef = CEF8B9321D5CAAB100D1FA66 /* LaunchScreen.storyboard */; };
		CEF8B93F1D5CAAB200D1FA66 /* Stripe_DemoTests.swift in Sources */ = {isa = PBXBuildFile; fileRef = CEF8B93E1D5CAAB200D1FA66 /* Stripe_DemoTests.swift */; };
		CEF8B94A1D5CAAB200D1FA66 /* Stripe_DemoUITests.swift in Sources */ = {isa = PBXBuildFile; fileRef = CEF8B9491D5CAAB200D1FA66 /* Stripe_DemoUITests.swift */; };
/* End PBXBuildFile section */

/* Begin PBXContainerItemProxy section */
		CEF8B93B1D5CAAB200D1FA66 /* PBXContainerItemProxy */ = {
			isa = PBXContainerItemProxy;
			containerPortal = CEF8B91E1D5CAAB100D1FA66 /* Project object */;
			proxyType = 1;
			remoteGlobalIDString = CEF8B9251D5CAAB100D1FA66;
			remoteInfo = "Stripe-Demo";
		};
		CEF8B9461D5CAAB200D1FA66 /* PBXContainerItemProxy */ = {
			isa = PBXContainerItemProxy;
			containerPortal = CEF8B91E1D5CAAB100D1FA66 /* Project object */;
			proxyType = 1;
			remoteGlobalIDString = CEF8B9251D5CAAB100D1FA66;
			remoteInfo = "Stripe-Demo";
		};
/* End PBXContainerItemProxy section */

/* Begin PBXFileReference section */
		CEF8B9261D5CAAB100D1FA66 /* Stripe-Demo.app */ = {isa = PBXFileReference; explicitFileType = wrapper.application; includeInIndex = 0; path = "Stripe-Demo.app"; sourceTree = BUILT_PRODUCTS_DIR; };
		CEF8B9291D5CAAB100D1FA66 /* AppDelegate.swift */ = {isa = PBXFileReference; lastKnownFileType = sourcecode.swift; path = AppDelegate.swift; sourceTree = "<group>"; };
		CEF8B92B1D5CAAB100D1FA66 /* ViewController.swift */ = {isa = PBXFileReference; lastKnownFileType = sourcecode.swift; path = ViewController.swift; sourceTree = "<group>"; };
		CEF8B92E1D5CAAB100D1FA66 /* Base */ = {isa = PBXFileReference; lastKnownFileType = file.storyboard; name = Base; path = Base.lproj/Main.storyboard; sourceTree = "<group>"; };
		CEF8B9301D5CAAB100D1FA66 /* Assets.xcassets */ = {isa = PBXFileReference; lastKnownFileType = folder.assetcatalog; path = Assets.xcassets; sourceTree = "<group>"; };
		CEF8B9331D5CAAB100D1FA66 /* Base */ = {isa = PBXFileReference; lastKnownFileType = file.storyboard; name = Base; path = Base.lproj/LaunchScreen.storyboard; sourceTree = "<group>"; };
		CEF8B9351D5CAAB100D1FA66 /* Info.plist */ = {isa = PBXFileReference; lastKnownFileType = text.plist.xml; path = Info.plist; sourceTree = "<group>"; };
		CEF8B93A1D5CAAB200D1FA66 /* Stripe-DemoTests.xctest */ = {isa = PBXFileReference; explicitFileType = wrapper.cfbundle; includeInIndex = 0; path = "Stripe-DemoTests.xctest"; sourceTree = BUILT_PRODUCTS_DIR; };
		CEF8B93E1D5CAAB200D1FA66 /* Stripe_DemoTests.swift */ = {isa = PBXFileReference; lastKnownFileType = sourcecode.swift; path = Stripe_DemoTests.swift; sourceTree = "<group>"; };
		CEF8B9401D5CAAB200D1FA66 /* Info.plist */ = {isa = PBXFileReference; lastKnownFileType = text.plist.xml; path = Info.plist; sourceTree = "<group>"; };
		CEF8B9451D5CAAB200D1FA66 /* Stripe-DemoUITests.xctest */ = {isa = PBXFileReference; explicitFileType = wrapper.cfbundle; includeInIndex = 0; path = "Stripe-DemoUITests.xctest"; sourceTree = BUILT_PRODUCTS_DIR; };
		CEF8B9491D5CAAB200D1FA66 /* Stripe_DemoUITests.swift */ = {isa = PBXFileReference; lastKnownFileType = sourcecode.swift; path = Stripe_DemoUITests.swift; sourceTree = "<group>"; };
		CEF8B94B1D5CAAB200D1FA66 /* Info.plist */ = {isa = PBXFileReference; lastKnownFileType = text.plist.xml; path = Info.plist; sourceTree = "<group>"; };
/* End PBXFileReference section */

/* Begin PBXFrameworksBuildPhase section */
		CEF8B9231D5CAAB100D1FA66 /* Frameworks */ = {
			isa = PBXFrameworksBuildPhase;
			buildActionMask = 2147483647;
			files = (
			);
			runOnlyForDeploymentPostprocessing = 0;
		};
		CEF8B9371D5CAAB200D1FA66 /* Frameworks */ = {
			isa = PBXFrameworksBuildPhase;
			buildActionMask = 2147483647;
			files = (
			);
			runOnlyForDeploymentPostprocessing = 0;
		};
		CEF8B9421D5CAAB200D1FA66 /* Frameworks */ = {
			isa = PBXFrameworksBuildPhase;
			buildActionMask = 2147483647;
			files = (
			);
			runOnlyForDeploymentPostprocessing = 0;
		};
/* End PBXFrameworksBuildPhase section */

/* Begin PBXGroup section */
		CEF8B91D1D5CAAB100D1FA66 = {
			isa = PBXGroup;
			children = (
				CEF8B9281D5CAAB100D1FA66 /* Stripe-Demo */,
				CEF8B93D1D5CAAB200D1FA66 /* Stripe-DemoTests */,
				CEF8B9481D5CAAB200D1FA66 /* Stripe-DemoUITests */,
				CEF8B9271D5CAAB100D1FA66 /* Products */,
			);
			sourceTree = "<group>";
		};
		CEF8B9271D5CAAB100D1FA66 /* Products */ = {
			isa = PBXGroup;
			children = (
				CEF8B9261D5CAAB100D1FA66 /* Stripe-Demo.app */,
				CEF8B93A1D5CAAB200D1FA66 /* Stripe-DemoTests.xctest */,
				CEF8B9451D5CAAB200D1FA66 /* Stripe-DemoUITests.xctest */,
			);
			name = Products;
			sourceTree = "<group>";
		};
		CEF8B9281D5CAAB100D1FA66 /* Stripe-Demo */ = {
			isa = PBXGroup;
			children = (
				CEF8B9291D5CAAB100D1FA66 /* AppDelegate.swift */,
				CEF8B92B1D5CAAB100D1FA66 /* ViewController.swift */,
				CEF8B92D1D5CAAB100D1FA66 /* Main.storyboard */,
				CEF8B9301D5CAAB100D1FA66 /* Assets.xcassets */,
				CEF8B9321D5CAAB100D1FA66 /* LaunchScreen.storyboard */,
				CEF8B9351D5CAAB100D1FA66 /* Info.plist */,
			);
			path = "Stripe-Demo";
			sourceTree = "<group>";
		};
		CEF8B93D1D5CAAB200D1FA66 /* Stripe-DemoTests */ = {
			isa = PBXGroup;
			children = (
				CEF8B93E1D5CAAB200D1FA66 /* Stripe_DemoTests.swift */,
				CEF8B9401D5CAAB200D1FA66 /* Info.plist */,
			);
			path = "Stripe-DemoTests";
			sourceTree = "<group>";
		};
		CEF8B9481D5CAAB200D1FA66 /* Stripe-DemoUITests */ = {
			isa = PBXGroup;
			children = (
				CEF8B9491D5CAAB200D1FA66 /* Stripe_DemoUITests.swift */,
				CEF8B94B1D5CAAB200D1FA66 /* Info.plist */,
			);
			path = "Stripe-DemoUITests";
			sourceTree = "<group>";
		};
/* End PBXGroup section */

/* Begin PBXNativeTarget section */
		CEF8B9251D5CAAB100D1FA66 /* Stripe-Demo */ = {
			isa = PBXNativeTarget;
			buildConfigurationList = CEF8B94E1D5CAAB200D1FA66 /* Build configuration list for PBXNativeTarget "Stripe-Demo" */;
			buildPhases = (
				CEF8B9221D5CAAB100D1FA66 /* Sources */,
				CEF8B9231D5CAAB100D1FA66 /* Frameworks */,
				CEF8B9241D5CAAB100D1FA66 /* Resources */,
			);
			buildRules = (
			);
			dependencies = (
			);
			name = "Stripe-Demo";
			productName = "Stripe-Demo";
			productReference = CEF8B9261D5CAAB100D1FA66 /* Stripe-Demo.app */;
			productType = "com.apple.product-type.application";
		};
		CEF8B9391D5CAAB200D1FA66 /* Stripe-DemoTests */ = {
			isa = PBXNativeTarget;
			buildConfigurationList = CEF8B9511D5CAAB200D1FA66 /* Build configuration list for PBXNativeTarget "Stripe-DemoTests" */;
			buildPhases = (
				CEF8B9361D5CAAB200D1FA66 /* Sources */,
				CEF8B9371D5CAAB200D1FA66 /* Frameworks */,
				CEF8B9381D5CAAB200D1FA66 /* Resources */,
			);
			buildRules = (
			);
			dependencies = (
				CEF8B93C1D5CAAB200D1FA66 /* PBXTargetDependency */,
			);
			name = "Stripe-DemoTests";
			productName = "Stripe-DemoTests";
			productReference = CEF8B93A1D5CAAB200D1FA66 /* Stripe-DemoTests.xctest */;
			productType = "com.apple.product-type.bundle.unit-test";
		};
		CEF8B9441D5CAAB200D1FA66 /* Stripe-DemoUITests */ = {
			isa = PBXNativeTarget;
			buildConfigurationList = CEF8B9541D5CAAB200D1FA66 /* Build configuration list for PBXNativeTarget "Stripe-DemoUITests" */;
			buildPhases = (
				CEF8B9411D5CAAB200D1FA66 /* Sources */,
				CEF8B9421D5CAAB200D1FA66 /* Frameworks */,
				CEF8B9431D5CAAB200D1FA66 /* Resources */,
			);
			buildRules = (
			);
			dependencies = (
				CEF8B9471D5CAAB200D1FA66 /* PBXTargetDependency */,
			);
			name = "Stripe-DemoUITests";
			productName = "Stripe-DemoUITests";
			productReference = CEF8B9451D5CAAB200D1FA66 /* Stripe-DemoUITests.xctest */;
			productType = "com.apple.product-type.bundle.ui-testing";
		};
/* End PBXNativeTarget section */

/* Begin PBXProject section */
		CEF8B91E1D5CAAB100D1FA66 /* Project object */ = {
			isa = PBXProject;
			attributes = {
				LastSwiftUpdateCheck = 0730;
				LastUpgradeCheck = 0730;
				ORGANIZATIONNAME = S.t;
				TargetAttributes = {
					CEF8B9251D5CAAB100D1FA66 = {
						CreatedOnToolsVersion = 7.3.1;
						DevelopmentTeam = WR7C89JF48;
					};
					CEF8B9391D5CAAB200D1FA66 = {
						CreatedOnToolsVersion = 7.3.1;
						DevelopmentTeam = WR7C89JF48;
						TestTargetID = CEF8B9251D5CAAB100D1FA66;
					};
					CEF8B9441D5CAAB200D1FA66 = {
						CreatedOnToolsVersion = 7.3.1;
						DevelopmentTeam = WR7C89JF48;
						TestTargetID = CEF8B9251D5CAAB100D1FA66;
					};
				};
			};
			buildConfigurationList = CEF8B9211D5CAAB100D1FA66 /* Build configuration list for PBXProject "Stripe-Demo" */;
			compatibilityVersion = "Xcode 3.2";
			developmentRegion = English;
			hasScannedForEncodings = 0;
			knownRegions = (
				en,
				Base,
			);
			mainGroup = CEF8B91D1D5CAAB100D1FA66;
			productRefGroup = CEF8B9271D5CAAB100D1FA66 /* Products */;
			projectDirPath = "";
			projectRoot = "";
			targets = (
				CEF8B9251D5CAAB100D1FA66 /* Stripe-Demo */,
				CEF8B9391D5CAAB200D1FA66 /* Stripe-DemoTests */,
				CEF8B9441D5CAAB200D1FA66 /* Stripe-DemoUITests */,
			);
		};
/* End PBXProject section */

/* Begin PBXResourcesBuildPhase section */
		CEF8B9241D5CAAB100D1FA66 /* Resources */ = {
			isa = PBXResourcesBuildPhase;
			buildActionMask = 2147483647;
			files = (
				CEF8B9341D5CAAB100D1FA66 /* LaunchScreen.storyboard in Resources */,
				CEF8B9311D5CAAB100D1FA66 /* Assets.xcassets in Resources */,
				CEF8B92F1D5CAAB100D1FA66 /* Main.storyboard in Resources */,
			);
			runOnlyForDeploymentPostprocessing = 0;
		};
		CEF8B9381D5CAAB200D1FA66 /* Resources */ = {
			isa = PBXResourcesBuildPhase;
			buildActionMask = 2147483647;
			files = (
			);
			runOnlyForDeploymentPostprocessing = 0;
		};
		CEF8B9431D5CAAB200D1FA66 /* Resources */ = {
			isa = PBXResourcesBuildPhase;
			buildActionMask = 2147483647;
			files = (
			);
			runOnlyForDeploymentPostprocessing = 0;
		};
/* End PBXResourcesBuildPhase section */

/* Begin PBXSourcesBuildPhase section */
		CEF8B9221D5CAAB100D1FA66 /* Sources */ = {
			isa = PBXSourcesBuildPhase;
			buildActionMask = 2147483647;
			files = (
				CEF8B92C1D5CAAB100D1FA66 /* ViewController.swift in Sources */,
				CEF8B92A1D5CAAB100D1FA66 /* AppDelegate.swift in Sources */,
			);
			runOnlyForDeploymentPostprocessing = 0;
		};
		CEF8B9361D5CAAB200D1FA66 /* Sources */ = {
			isa = PBXSourcesBuildPhase;
			buildActionMask = 2147483647;
			files = (
				CEF8B93F1D5CAAB200D1FA66 /* Stripe_DemoTests.swift in Sources */,
			);
			runOnlyForDeploymentPostprocessing = 0;
		};
		CEF8B9411D5CAAB200D1FA66 /* Sources */ = {
			isa = PBXSourcesBuildPhase;
			buildActionMask = 2147483647;
			files = (
				CEF8B94A1D5CAAB200D1FA66 /* Stripe_DemoUITests.swift in Sources */,
			);
			runOnlyForDeploymentPostprocessing = 0;
		};
/* End PBXSourcesBuildPhase section */

/* Begin PBXTargetDependency section */
		CEF8B93C1D5CAAB200D1FA66 /* PBXTargetDependency */ = {
			isa = PBXTargetDependency;
			target = CEF8B9251D5CAAB100D1FA66 /* Stripe-Demo */;
			targetProxy = CEF8B93B1D5CAAB200D1FA66 /* PBXContainerItemProxy */;
		};
		CEF8B9471D5CAAB200D1FA66 /* PBXTargetDependency */ = {
			isa = PBXTargetDependency;
			target = CEF8B9251D5CAAB100D1FA66 /* Stripe-Demo */;
			targetProxy = CEF8B9461D5CAAB200D1FA66 /* PBXContainerItemProxy */;
		};
/* End PBXTargetDependency section */

/* Begin PBXVariantGroup section */
		CEF8B92D1D5CAAB100D1FA66 /* Main.storyboard */ = {
			isa = PBXVariantGroup;
			children = (
				CEF8B92E1D5CAAB100D1FA66 /* Base */,
			);
			name = Main.storyboard;
			sourceTree = "<group>";
		};
		CEF8B9321D5CAAB100D1FA66 /* LaunchScreen.storyboard */ = {
			isa = PBXVariantGroup;
			children = (
				CEF8B9331D5CAAB100D1FA66 /* Base */,
			);
			name = LaunchScreen.storyboard;
			sourceTree = "<group>";
		};
/* End PBXVariantGroup section */

/* Begin XCBuildConfiguration section */
		CEF8B94C1D5CAAB200D1FA66 /* Debug */ = {
			isa = XCBuildConfiguration;
			buildSettings = {
				ALWAYS_SEARCH_USER_PATHS = NO;
				CLANG_ANALYZER_NONNULL = YES;
				CLANG_CXX_LANGUAGE_STANDARD = "gnu++0x";
				CLANG_CXX_LIBRARY = "libc++";
				CLANG_ENABLE_MODULES = YES;
				CLANG_ENABLE_OBJC_ARC = YES;
				CLANG_WARN_BOOL_CONVERSION = YES;
				CLANG_WARN_CONSTANT_CONVERSION = YES;
				CLANG_WARN_DIRECT_OBJC_ISA_USAGE = YES_ERROR;
				CLANG_WARN_EMPTY_BODY = YES;
				CLANG_WARN_ENUM_CONVERSION = YES;
				CLANG_WARN_INT_CONVERSION = YES;
				CLANG_WARN_OBJC_ROOT_CLASS = YES_ERROR;
				CLANG_WARN_UNREACHABLE_CODE = YES;
				CLANG_WARN__DUPLICATE_METHOD_MATCH = YES;
				"CODE_SIGN_IDENTITY[sdk=iphoneos*]" = "iPhone Developer";
				COPY_PHASE_STRIP = NO;
				DEBUG_INFORMATION_FORMAT = dwarf;
				ENABLE_STRICT_OBJC_MSGSEND = YES;
				ENABLE_TESTABILITY = YES;
				GCC_C_LANGUAGE_STANDARD = gnu99;
				GCC_DYNAMIC_NO_PIC = NO;
				GCC_NO_COMMON_BLOCKS = YES;
				GCC_OPTIMIZATION_LEVEL = 0;
				GCC_PREPROCESSOR_DEFINITIONS = (
					"DEBUG=1",
					"$(inherited)",
				);
				GCC_WARN_64_TO_32_BIT_CONVERSION = YES;
				GCC_WARN_ABOUT_RETURN_TYPE = YES_ERROR;
				GCC_WARN_UNDECLARED_SELECTOR = YES;
				GCC_WARN_UNINITIALIZED_AUTOS = YES_AGGRESSIVE;
				GCC_WARN_UNUSED_FUNCTION = YES;
				GCC_WARN_UNUSED_VARIABLE = YES;
				IPHONEOS_DEPLOYMENT_TARGET = 9.3;
				MTL_ENABLE_DEBUG_INFO = YES;
				ONLY_ACTIVE_ARCH = YES;
				SDKROOT = iphoneos;
				SWIFT_OPTIMIZATION_LEVEL = "-Onone";
			};
			name = Debug;
		};
		CEF8B94D1D5CAAB200D1FA66 /* Release */ = {
			isa = XCBuildConfiguration;
			buildSettings = {
				ALWAYS_SEARCH_USER_PATHS = NO;
				CLANG_ANALYZER_NONNULL = YES;
				CLANG_CXX_LANGUAGE_STANDARD = "gnu++0x";
				CLANG_CXX_LIBRARY = "libc++";
				CLANG_ENABLE_MODULES = YES;
				CLANG_ENABLE_OBJC_ARC = YES;
				CLANG_WARN_BOOL_CONVERSION = YES;
				CLANG_WARN_CONSTANT_CONVERSION = YES;
				CLANG_WARN_DIRECT_OBJC_ISA_USAGE = YES_ERROR;
				CLANG_WARN_EMPTY_BODY = YES;
				CLANG_WARN_ENUM_CONVERSION = YES;
				CLANG_WARN_INT_CONVERSION = YES;
				CLANG_WARN_OBJC_ROOT_CLASS = YES_ERROR;
				CLANG_WARN_UNREACHABLE_CODE = YES;
				CLANG_WARN__DUPLICATE_METHOD_MATCH = YES;
				"CODE_SIGN_IDENTITY[sdk=iphoneos*]" = "iPhone Developer";
				COPY_PHASE_STRIP = NO;
				DEBUG_INFORMATION_FORMAT = "dwarf-with-dsym";
				ENABLE_NS_ASSERTIONS = NO;
				ENABLE_STRICT_OBJC_MSGSEND = YES;
				GCC_C_LANGUAGE_STANDARD = gnu99;
				GCC_NO_COMMON_BLOCKS = YES;
				GCC_WARN_64_TO_32_BIT_CONVERSION = YES;
				GCC_WARN_ABOUT_RETURN_TYPE = YES_ERROR;
				GCC_WARN_UNDECLARED_SELECTOR = YES;
				GCC_WARN_UNINITIALIZED_AUTOS = YES_AGGRESSIVE;
				GCC_WARN_UNUSED_FUNCTION = YES;
				GCC_WARN_UNUSED_VARIABLE = YES;
				IPHONEOS_DEPLOYMENT_TARGET = 9.3;
				MTL_ENABLE_DEBUG_INFO = NO;
				SDKROOT = iphoneos;
				VALIDATE_PRODUCT = YES;
			};
			name = Release;
		};
		CEF8B94F1D5CAAB200D1FA66 /* Debug */ = {
			isa = XCBuildConfiguration;
			buildSettings = {
				ASSETCATALOG_COMPILER_APPICON_NAME = AppIcon;
				INFOPLIST_FILE = "Stripe-Demo/Info.plist";
				LD_RUNPATH_SEARCH_PATHS = "$(inherited) @executable_path/Frameworks";
				PRODUCT_BUNDLE_IDENTIFIER = "oooo.Stripe-Demo";
				PRODUCT_NAME = "$(TARGET_NAME)";
			};
			name = Debug;
		};
		CEF8B9501D5CAAB200D1FA66 /* Release */ = {
			isa = XCBuildConfiguration;
			buildSettings = {
				ASSETCATALOG_COMPILER_APPICON_NAME = AppIcon;
				INFOPLIST_FILE = "Stripe-Demo/Info.plist";
				LD_RUNPATH_SEARCH_PATHS = "$(inherited) @executable_path/Frameworks";
				PRODUCT_BUNDLE_IDENTIFIER = "oooo.Stripe-Demo";
				PRODUCT_NAME = "$(TARGET_NAME)";
			};
			name = Release;
		};
		CEF8B9521D5CAAB200D1FA66 /* Debug */ = {
			isa = XCBuildConfiguration;
			buildSettings = {
				BUNDLE_LOADER = "$(TEST_HOST)";
				INFOPLIST_FILE = "Stripe-DemoTests/Info.plist";
				LD_RUNPATH_SEARCH_PATHS = "$(inherited) @executable_path/Frameworks @loader_path/Frameworks";
				PRODUCT_BUNDLE_IDENTIFIER = "oooo.Stripe-DemoTests";
				PRODUCT_NAME = "$(TARGET_NAME)";
				TEST_HOST = "$(BUILT_PRODUCTS_DIR)/Stripe-Demo.app/Stripe-Demo";
			};
			name = Debug;
		};
		CEF8B9531D5CAAB200D1FA66 /* Release */ = {
			isa = XCBuildConfiguration;
			buildSettings = {
				BUNDLE_LOADER = "$(TEST_HOST)";
				INFOPLIST_FILE = "Stripe-DemoTests/Info.plist";
				LD_RUNPATH_SEARCH_PATHS = "$(inherited) @executable_path/Frameworks @loader_path/Frameworks";
				PRODUCT_BUNDLE_IDENTIFIER = "oooo.Stripe-DemoTests";
				PRODUCT_NAME = "$(TARGET_NAME)";
				TEST_HOST = "$(BUILT_PRODUCTS_DIR)/Stripe-Demo.app/Stripe-Demo";
			};
			name = Release;
		};
		CEF8B9551D5CAAB200D1FA66 /* Debug */ = {
			isa = XCBuildConfiguration;
			buildSettings = {
				INFOPLIST_FILE = "Stripe-DemoUITests/Info.plist";
				LD_RUNPATH_SEARCH_PATHS = "$(inherited) @executable_path/Frameworks @loader_path/Frameworks";
				PRODUCT_BUNDLE_IDENTIFIER = "oooo.Stripe-DemoUITests";
				PRODUCT_NAME = "$(TARGET_NAME)";
				TEST_TARGET_NAME = "Stripe-Demo";
			};
			name = Debug;
		};
		CEF8B9561D5CAAB200D1FA66 /* Release */ = {
			isa = XCBuildConfiguration;
			buildSettings = {
				INFOPLIST_FILE = "Stripe-DemoUITests/Info.plist";
				LD_RUNPATH_SEARCH_PATHS = "$(inherited) @executable_path/Frameworks @loader_path/Frameworks";
				PRODUCT_BUNDLE_IDENTIFIER = "oooo.Stripe-DemoUITests";
				PRODUCT_NAME = "$(TARGET_NAME)";
				TEST_TARGET_NAME = "Stripe-Demo";
			};
			name = Release;
		};
/* End XCBuildConfiguration section */

/* Begin XCConfigurationList section */
		CEF8B9211D5CAAB100D1FA66 /* Build configuration list for PBXProject "Stripe-Demo" */ = {
			isa = XCConfigurationList;
			buildConfigurations = (
				CEF8B94C1D5CAAB200D1FA66 /* Debug */,
				CEF8B94D1D5CAAB200D1FA66 /* Release */,
			);
			defaultConfigurationIsVisible = 0;
			defaultConfigurationName = Release;
		};
		CEF8B94E1D5CAAB200D1FA66 /* Build configuration list for PBXNativeTarget "Stripe-Demo" */ = {
			isa = XCConfigurationList;
			buildConfigurations = (
				CEF8B94F1D5CAAB200D1FA66 /* Debug */,
				CEF8B9501D5CAAB200D1FA66 /* Release */,
			);
			defaultConfigurationIsVisible = 0;
		};
		CEF8B9511D5CAAB200D1FA66 /* Build configuration list for PBXNativeTarget "Stripe-DemoTests" */ = {
			isa = XCConfigurationList;
			buildConfigurations = (
				CEF8B9521D5CAAB200D1FA66 /* Debug */,
				CEF8B9531D5CAAB200D1FA66 /* Release */,
			);
			defaultConfigurationIsVisible = 0;
		};
		CEF8B9541D5CAAB200D1FA66 /* Build configuration list for PBXNativeTarget "Stripe-DemoUITests" */ = {
			isa = XCConfigurationList;
			buildConfigurations = (
				CEF8B9551D5CAAB200D1FA66 /* Debug */,
				CEF8B9561D5CAAB200D1FA66 /* Release */,
			);
			defaultConfigurationIsVisible = 0;
		};
/* End XCConfigurationList section */
	};
	rootObject = CEF8B91E1D5CAAB100D1FA66 /* Project object */;
}
